
Microsoft Visual Studio Solution File, Format Version 12.00
# Visual Studio 15
VisualStudioVersion = 15.0.28307.168
MinimumVisualStudioVersion = 10.0.40219.1
Project("{FAE04EC0-301F-11D3-BF4B-00C04F79EFBC}") = "QrCodeWebApi", "QrCodeWebApi\QrCodeWebApi.csproj", "{B2FC4157-1501-463F-ADA2-E3DAB0E35D3E}"
EndProject
Project("{FAE04EC0-301F-11D3-BF4B-00C04F79EFBC}") = "QrCodeWebApi.Tests", "QrCodeWebApi.Tests\QrCodeWebApi.Tests.csproj", "{D0CB57A2-C80C-460F-B710-E391B5B0A8C4}"
EndProject
Global
	GlobalSection(SolutionConfigurationPlatforms) = preSolution
		Debug|Any CPU = Debug|Any CPU
		Release|Any CPU = Release|Any CPU
	EndGlobalSection
	GlobalSection(ProjectConfigurationPlatforms) = postSolution
		{B2FC4157-1501-463F-ADA2-E3DAB0E35D3E}.Debug|Any CPU.ActiveCfg = Debug|Any CPU
		{B2FC4157-1501-463F-ADA2-E3DAB0E35D3E}.Debug|Any CPU.Build.0 = Debug|Any CPU
		{B2FC4157-1501-463F-ADA2-E3DAB0E35D3E}.Release|Any CPU.ActiveCfg = Release|Any CPU
		{B2FC4157-1501-463F-ADA2-E3DAB0E35D3E}.Release|Any CPU.Build.0 = Release|Any CPU
		{D0CB57A2-C80C-460F-B710-E391B5B0A8C4}.Debug|Any CPU.ActiveCfg = Debug|Any CPU
		{D0CB57A2-C80C-460F-B710-E391B5B0A8C4}.Debug|Any CPU.Build.0 = Debug|Any CPU
		{D0CB57A2-C80C-460F-B710-E391B5B0A8C4}.Release|Any CPU.ActiveCfg = Release|Any CPU
		{D0CB57A2-C80C-460F-B710-E391B5B0A8C4}.Release|Any CPU.Build.0 = Release|Any CPU
	EndGlobalSection
	GlobalSection(SolutionProperties) = preSolution
		HideSolutionNode = FALSE
	EndGlobalSection
	GlobalSection(ExtensibilityGlobals) = postSolution
		SolutionGuid = {4E77B100-C868-4D19-B5EA-7BB07BE133A9}
	EndGlobalSection
EndGlobal
